{
  "name": "@raviqqe/biome-config",
  "version": "2.0.4",
  "lockfileVersion": 3,
  "requires": true,
  "packages": {
    "": {
      "name": "@raviqqe/biome-config",
      "version": "2.0.4",
      "license": "MIT",
      "peerDependencies": {
        "@biomejs/biome": "^2.0.0"
      }
    },
    "node_modules/@biomejs/biome": {
      "version": "2.0.0",
      "resolved": "https://registry.npmjs.org/@biomejs/biome/-/biome-2.0.0.tgz",
      "integrity": "sha512-BlUoXEOI/UQTDEj/pVfnkMo8SrZw3oOWBDrXYFT43V7HTkIUDkBRY53IC5Jx1QkZbaB+0ai1wJIfYwp9+qaJTQ==",
      "license": "MIT OR Apache-2.0",
      "peer": true,
      "bin": {
        "biome": "bin/biome"
      },
      "engines": {
        "node": ">=14.21.3"
      },
      "funding": {
        "type": "opencollective",
        "url": "https://opencollective.com/biome"
      },
      "optionalDependencies": {
        "@biomejs/cli-darwin-arm64": "2.0.0",
        "@biomejs/cli-darwin-x64": "2.0.0",
        "@biomejs/cli-linux-arm64": "2.0.0",
        "@biomejs/cli-linux-arm64-musl": "2.0.0",
        "@biomejs/cli-linux-x64": "2.0.0",
        "@biomejs/cli-linux-x64-musl": "2.0.0",
        "@biomejs/cli-win32-arm64": "2.0.0",
        "@biomejs/cli-win32-x64": "2.0.0"
      }
    }
  }
}
